
Microsoft Visual Studio Solution File, Format Version 12.00
# Visual Studio 15
VisualStudioVersion = 15.0.27428.1
MinimumVisualStudioVersion = 10.0.40219.1
Project("{FAE04EC0-301F-11D3-BF4B-00C04F79EFBC}") = "proyecto_electronicos2", "proyecto_electronicos2\proyecto_electronicos2.csproj", "{9465E1BA-A45C-43DD-8C6A-347186CC684A}"
EndProject
Global
	GlobalSection(SolutionConfigurationPlatforms) = preSolution
		Debug|Any CPU = Debug|Any CPU
		Release|Any CPU = Release|Any CPU
	EndGlobalSection
	GlobalSection(ProjectConfigurationPlatforms) = postSolution
		{9465E1BA-A45C-43DD-8C6A-347186CC684A}.Debug|Any CPU.ActiveCfg = Debug|Any CPU
		{9465E1BA-A45C-43DD-8C6A-347186CC684A}.Debug|Any CPU.Build.0 = Debug|Any CPU
		{9465E1BA-A45C-43DD-8C6A-347186CC684A}.Release|Any CPU.ActiveCfg = Release|Any CPU
		{9465E1BA-A45C-43DD-8C6A-347186CC684A}.Release|Any CPU.Build.0 = Release|Any CPU
	EndGlobalSection
	GlobalSection(SolutionProperties) = preSolution
		HideSolutionNode = FALSE
	EndGlobalSection
	GlobalSection(ExtensibilityGlobals) = postSolution
		SolutionGuid = {63C2A2E5-52CA-4474-8EDC-1028951F46B5}
	EndGlobalSection
EndGlobal
